// !$*UTF8*$!
{
	archiveVersion = 1;
	classes = {
	};
	objectVersion = 70;
	objects = {

/* Begin PBXBuildFile section */
		140310762F93F70700AD0A1D /* RootView.swift in Sources */ = {isa = PBXBuildFile; fileRef = 140310752F93F70400AD0A1D /* RootView.swift */; };
		1406B7DF2CCEE18C00CB8BE3 /* HealthManager.swift in Sources */ = {isa = PBXBuildFile; fileRef = 1406B7DE2CCEE18C00CB8BE3 /* HealthManager.swift */; };
		140BECC22F7B06F800D6ADEA /* StoreKit.framework in Frameworks */ = {isa = PBXBuildFile; fileRef = 140BECC12F7B06F800D6ADEA /* StoreKit.framework */; };
		140BECC92F7B09A200D6ADEA /* VinceraStore.storekit in Resources */ = {isa = PBXBuildFile; fileRef = 140BECC82F7B09A200D6ADEA /* VinceraStore.storekit */; };
		1412322D2E3D6007009A7CA7 /* SplitCell.swift in Sources */ = {isa = PBXBuildFile; fileRef = 1412322C2E3D6004009A7CA7 /* SplitCell.swift */; };
		1412322F2E3D6044009A7CA7 /* PremiumSplitCell.swift in Sources */ = {isa = PBXBuildFile; fileRef = 1412322E2E3D6040009A7CA7 /* PremiumSplitCell.swift */; };
		141232312E3D60E7009A7CA7 /* WorkoutRow.swift in Sources */ = {isa = PBXBuildFile; fileRef = 141232302E3D60E5009A7CA7 /* WorkoutRow.swift */; };
		1417AB392CCDC599001BD894 /* Constants.swift in Sources */ = {isa = PBXBuildFile; fileRef = 1417AB382CCDC599001BD894 /* Constants.swift */; };
		14290B112CCD6AB3008AA83B /* CarouselView.swift in Sources */ = {isa = PBXBuildFile; fileRef = 14290ADB2CCD6A97008AA83B /* CarouselView.swift */; };
		14290B142CCD6AB3008AA83B /* MultiSelectRow.swift in Sources */ = {isa = PBXBuildFile; fileRef = 14290ADE2CCD6A97008AA83B /* MultiSelectRow.swift */; };
		14290B152CCD6AB3008AA83B /* LabeledDivider.swift in Sources */ = {isa = PBXBuildFile; fileRef = 14290ADF2CCD6A97008AA83B /* LabeledDivider.swift */; };
		14290B172CCD6AB3008AA83B /* NumberField.swift in Sources */ = {isa = PBXBuildFile; fileRef = 14290AE12CCD6A97008AA83B /* NumberField.swift */; };
		14290B182CCD6AB3008AA83B /* TimerView.swift in Sources */ = {isa = PBXBuildFile; fileRef = 14290AE22CCD6A97008AA83B /* TimerView.swift */; };
		14290B252CCD6AB3008AA83B /* StorageManager.swift in Sources */ = {isa = PBXBuildFile; fileRef = 14290AF62CCD6A97008AA83B /* StorageManager.swift */; };
		14290B282CCD6AB3008AA83B /* ListExercise.swift in Sources */ = {isa = PBXBuildFile; fileRef = 14290AFA2CCD6A97008AA83B /* ListExercise.swift */; };
		14290B2A2CCD6AB3008AA83B /* Protocols.swift in Sources */ = {isa = PBXBuildFile; fileRef = 14290AFC2CCD6A97008AA83B /* Protocols.swift */; };
		14290B332CCD6AB3008AA83B /* Errors.swift in Sources */ = {isa = PBXBuildFile; fileRef = 14290B082CCD6A97008AA83B /* Errors.swift */; };
		14290B342CCD6AB3008AA83B /* Extensions.swift in Sources */ = {isa = PBXBuildFile; fileRef = 14290B092CCD6A97008AA83B /* Extensions.swift */; };
		14290B352CCD6AB3008AA83B /* Modifiers.swift in Sources */ = {isa = PBXBuildFile; fileRef = 14290B0A2CCD6A97008AA83B /* Modifiers.swift */; };
		14290B382CCD6AB3008AA83B /* VinceraApp.swift in Sources */ = {isa = PBXBuildFile; fileRef = 14290B0E2CCD6A97008AA83B /* VinceraApp.swift */; };
		14290B3A2CCD6AEC008AA83B /* Preview Assets.xcassets in Resources */ = {isa = PBXBuildFile; fileRef = 14290B002CCD6A97008AA83B /* Preview Assets.xcassets */; };
		14290B3B2CCD6AEC008AA83B /* Assets.xcassets in Resources */ = {isa = PBXBuildFile; fileRef = 14290B0C2CCD6A97008AA83B /* Assets.xcassets */; };
		14290B3D2CCD6AEC008AA83B /* todo.txt in Resources */ = {isa = PBXBuildFile; fileRef = 14290B0F2CCD6A97008AA83B /* todo.txt */; };
		14402ACD2F9E6E77001772E7 /* RatingModal.swift in Sources */ = {isa = PBXBuildFile; fileRef = 14402ACC2F9E6E72001772E7 /* RatingModal.swift */; };
		145686F22F73748900B49B4F /* Card.swift in Sources */ = {isa = PBXBuildFile; fileRef = 145686F12F73748800B49B4F /* Card.swift */; };
		145686F62F73766B00B49B4F /* SectionTitle.swift in Sources */ = {isa = PBXBuildFile; fileRef = 145686F52F73766700B49B4F /* SectionTitle.swift */; };
		145686F82F7398A900B49B4F /* CalendarView.swift in Sources */ = {isa = PBXBuildFile; fileRef = 145686F72F7398A500B49B4F /* CalendarView.swift */; };
		1463B50F2CD9AEA2006515C0 /* ActiveWorkout.swift in Sources */ = {isa = PBXBuildFile; fileRef = 1463B50E2CD9AE90006515C0 /* ActiveWorkout.swift */; };
		1478F73D2D270BCB005F0CD9 /* Timer.swift in Sources */ = {isa = PBXBuildFile; fileRef = 1478F73C2D270BC7005F0CD9 /* Timer.swift */; };
		14917BC32F93397C0077D2F2 /* Icon.swift in Sources */ = {isa = PBXBuildFile; fileRef = 14917BC22F93397A0077D2F2 /* Icon.swift */; };
		14BFF4A42CD1538200129D11 /* CustomSearchbar.swift in Sources */ = {isa = PBXBuildFile; fileRef = 14BFF4A32CD1538200129D11 /* CustomSearchbar.swift */; };
		14CB32F12F7479D30066B0CC /* EmptyCard.swift in Sources */ = {isa = PBXBuildFile; fileRef = 14CB32F02F7479D20066B0CC /* EmptyCard.swift */; };
		14D5B88B2F6E4FAF0069C8EB /* DraggableForEach.swift in Sources */ = {isa = PBXBuildFile; fileRef = 14D5B88A2F6E4FAB0069C8EB /* DraggableForEach.swift */; };
		14D5B8912F6E51BD0069C8EB /* Toast.swift in Sources */ = {isa = PBXBuildFile; fileRef = 14D5B8902F6E51BB0069C8EB /* Toast.swift */; };
		14D5B8962F6E5A4F0069C8EB /* Button.swift in Sources */ = {isa = PBXBuildFile; fileRef = 14D5B8952F6E5A4A0069C8EB /* Button.swift */; };
		14D5B8982F6E5AA70069C8EB /* LoadingSwap.swift in Sources */ = {isa = PBXBuildFile; fileRef = 14D5B8972F6E5AA50069C8EB /* LoadingSwap.swift */; };
		14D77BC72F70775B009715FD /* DetailView.swift in Sources */ = {isa = PBXBuildFile; fileRef = 14D77BC62F707758009715FD /* DetailView.swift */; };
		14E4020A2F78F391006DA9B0 /* TypewriterText.swift in Sources */ = {isa = PBXBuildFile; fileRef = 14E402092F78F38D006DA9B0 /* TypewriterText.swift */; };
		14EDC41A2E1AD351009059A5 /* weights.db in Resources */ = {isa = PBXBuildFile; fileRef = 14EDC4192E1AD351009059A5 /* weights.db */; };
		14EDC41D2E1AD501009059A5 /* Libsql in Frameworks */ = {isa = PBXBuildFile; productRef = 14EDC41C2E1AD501009059A5 /* Libsql */; };
		14EDC41F2E1AD511009059A5 /* DatabaseManager.swift in Sources */ = {isa = PBXBuildFile; fileRef = 14EDC41E2E1AD50E009059A5 /* DatabaseManager.swift */; };
		14EF29222F79E81B00C8AED0 /* MultiselectGrid.swift in Sources */ = {isa = PBXBuildFile; fileRef = 14EF29212F79E81400C8AED0 /* MultiselectGrid.swift */; };
		14F215B12F759519002CE636 /* exercises.json in Resources */ = {isa = PBXBuildFile; fileRef = 14F215B02F75950E002CE636 /* exercises.json */; };
		14F6C3322D0781DA000BFDDB /* RestTimer.swift in Sources */ = {isa = PBXBuildFile; fileRef = 14F6C3312D0781D7000BFDDB /* RestTimer.swift */; };
		14F72E9E2F79CD4C00B87D6E /* RadioSelect.swift in Sources */ = {isa = PBXBuildFile; fileRef = 14F72E9D2F79CD4900B87D6E /* RadioSelect.swift */; };
/* End PBXBuildFile section */

/* Begin PBXContainerItemProxy section */
		14792EDA2F75A341000E24D2 /* PBXContainerItemProxy */ = {
			isa = PBXContainerItemProxy;
			containerPortal = 1426E6AD2CC702A500F1F043 /* Project object */;
			proxyType = 1;
			remoteGlobalIDString = 1426E6B42CC702A500F1F043;
			remoteInfo = Vincera;
		};
/* End PBXContainerItemProxy section */

/* Begin PBXCopyFilesBuildPhase section */
		14D335C62D1663BB00DC2262 /* Embed Watch Content */ = {
			isa = PBXCopyFilesBuildPhase;
			buildActionMask = 2147483647;
			dstPath = "$(CONTENTS_FOLDER_PATH)/Watch";
			dstSubfolderSpec = 16;
			files = (
			);
			name = "Embed Watch Content";
			runOnlyForDeploymentPostprocessing = 0;
		};
/* End PBXCopyFilesBuildPhase section */

/* Begin PBXFileReference section */
		140310752F93F70400AD0A1D /* RootView.swift */ = {isa = PBXFileReference; lastKnownFileType = sourcecode.swift; path = RootView.swift; sourceTree = "<group>"; };
		140399A92CD0726600D8CC4A /* Vincera.entitlements */ = {isa = PBXFileReference; lastKnownFileType = text.plist.entitlements; path = Vincera.entitlements; sourceTree = "<group>"; };
		1406B7DE2CCEE18C00CB8BE3 /* HealthManager.swift */ = {isa = PBXFileReference; lastKnownFileType = sourcecode.swift; path = HealthManager.swift; sourceTree = "<group>"; };
		140BECC12F7B06F800D6ADEA /* StoreKit.framework */ = {isa = PBXFileReference; lastKnownFileType = wrapper.framework; name = StoreKit.framework; path = System/Library/Frameworks/StoreKit.framework; sourceTree = SDKROOT; };
		140BECC82F7B09A200D6ADEA /* VinceraStore.storekit */ = {isa = PBXFileReference; lastKnownFileType = text; path = VinceraStore.storekit; sourceTree = "<group>"; };
		1412322C2E3D6004009A7CA7 /* SplitCell.swift */ = {isa = PBXFileReference; lastKnownFileType = sourcecode.swift; path = SplitCell.swift; sourceTree = "<group>"; };
		1412322E2E3D6040009A7CA7 /* PremiumSplitCell.swift */ = {isa = PBXFileReference; lastKnownFileType = sourcecode.swift; path = PremiumSplitCell.swift; sourceTree = "<group>"; };
		141232302E3D60E5009A7CA7 /* WorkoutRow.swift */ = {isa = PBXFileReference; lastKnownFileType = sourcecode.swift; path = WorkoutRow.swift; sourceTree = "<group>"; };
		1417AB382CCDC599001BD894 /* Constants.swift */ = {isa = PBXFileReference; lastKnownFileType = sourcecode.swift; path = Constants.swift; sourceTree = "<group>"; };
		1426E6B52CC702A500F1F043 /* Vincera.app */ = {isa = PBXFileReference; explicitFileType = wrapper.application; includeInIndex = 0; path = Vincera.app; sourceTree = BUILT_PRODUCTS_DIR; };
		14290ADB2CCD6A97008AA83B /* CarouselView.swift */ = {isa = PBXFileReference; lastKnownFileType = sourcecode.swift; path = CarouselView.swift; sourceTree = "<group>"; };
		14290ADE2CCD6A97008AA83B /* MultiSelectRow.swift */ = {isa = PBXFileReference; lastKnownFileType = sourcecode.swift; path = MultiSelectRow.swift; sourceTree = "<group>"; };
		14290ADF2CCD6A97008AA83B /* LabeledDivider.swift */ = {isa = PBXFileReference; lastKnownFileType = sourcecode.swift; path = LabeledDivider.swift; sourceTree = "<group>"; };
		14290AE12CCD6A97008AA83B /* NumberField.swift */ = {isa = PBXFileReference; lastKnownFileType = sourcecode.swift; path = NumberField.swift; sourceTree = "<group>"; };
		14290AE22CCD6A97008AA83B /* TimerView.swift */ = {isa = PBXFileReference; lastKnownFileType = sourcecode.swift; path = TimerView.swift; sourceTree = "<group>"; };
		14290AF62CCD6A97008AA83B /* StorageManager.swift */ = {isa = PBXFileReference; lastKnownFileType = sourcecode.swift; path = StorageManager.swift; sourceTree = "<group>"; };
		14290AFA2CCD6A97008AA83B /* ListExercise.swift */ = {isa = PBXFileReference; lastKnownFileType = sourcecode.swift; path = ListExercise.swift; sourceTree = "<group>"; };
		14290AFC2CCD6A97008AA83B /* Protocols.swift */ = {isa = PBXFileReference; lastKnownFileType = sourcecode.swift; path = Protocols.swift; sourceTree = "<group>"; };
		14290B002CCD6A97008AA83B /* Preview Assets.xcassets */ = {isa = PBXFileReference; lastKnownFileType = folder.assetcatalog; path = "Preview Assets.xcassets"; sourceTree = "<group>"; };
		14290B082CCD6A97008AA83B /* Errors.swift */ = {isa = PBXFileReference; lastKnownFileType = sourcecode.swift; path = Errors.swift; sourceTree = "<group>"; };
		14290B092CCD6A97008AA83B /* Extensions.swift */ = {isa = PBXFileReference; lastKnownFileType = sourcecode.swift; path = Extensions.swift; sourceTree = "<group>"; };
		14290B0A2CCD6A97008AA83B /* Modifiers.swift */ = {isa = PBXFileReference; lastKnownFileType = sourcecode.swift; path = Modifiers.swift; sourceTree = "<group>"; };
		14290B0C2CCD6A97008AA83B /* Assets.xcassets */ = {isa = PBXFileReference; lastKnownFileType = folder.assetcatalog; path = Assets.xcassets; sourceTree = "<group>"; };
		14290B0E2CCD6A97008AA83B /* VinceraApp.swift */ = {isa = PBXFileReference; lastKnownFileType = sourcecode.swift; path = VinceraApp.swift; sourceTree = "<group>"; };
		14290B0F2CCD6A97008AA83B /* todo.txt */ = {isa = PBXFileReference; lastKnownFileType = text; path = todo.txt; sourceTree = "<group>"; };
		14402ACC2F9E6E72001772E7 /* RatingModal.swift */ = {isa = PBXFileReference; lastKnownFileType = sourcecode.swift; path = RatingModal.swift; sourceTree = "<group>"; };
		145686F12F73748800B49B4F /* Card.swift */ = {isa = PBXFileReference; lastKnownFileType = sourcecode.swift; path = Card.swift; sourceTree = "<group>"; };
		145686F52F73766700B49B4F /* SectionTitle.swift */ = {isa = PBXFileReference; lastKnownFileType = sourcecode.swift; path = SectionTitle.swift; sourceTree = "<group>"; };
		145686F72F7398A500B49B4F /* CalendarView.swift */ = {isa = PBXFileReference; lastKnownFileType = sourcecode.swift; path = CalendarView.swift; sourceTree = "<group>"; };
		1463B50E2CD9AE90006515C0 /* ActiveWorkout.swift */ = {isa = PBXFileReference; lastKnownFileType = sourcecode.swift; path = ActiveWorkout.swift; sourceTree = "<group>"; };
		1478F73C2D270BC7005F0CD9 /* Timer.swift */ = {isa = PBXFileReference; lastKnownFileType = sourcecode.swift; path = Timer.swift; sourceTree = "<group>"; };
		14792ED62F75A341000E24D2 /* VinceraTests.xctest */ = {isa = PBXFileReference; explicitFileType = wrapper.cfbundle; includeInIndex = 0; path = VinceraTests.xctest; sourceTree = BUILT_PRODUCTS_DIR; };
		148B16622CD0499000043E58 /* Info.plist */ = {isa = PBXFileReference; lastKnownFileType = text.plist.xml; path = Info.plist; sourceTree = "<group>"; };
		14917BC22F93397A0077D2F2 /* Icon.swift */ = {isa = PBXFileReference; lastKnownFileType = sourcecode.swift; path = Icon.swift; sourceTree = "<group>"; };
		14BFF4A32CD1538200129D11 /* CustomSearchbar.swift */ = {isa = PBXFileReference; lastKnownFileType = sourcecode.swift; path = CustomSearchbar.swift; sourceTree = "<group>"; };
		14CB32F02F7479D20066B0CC /* EmptyCard.swift */ = {isa = PBXFileReference; lastKnownFileType = sourcecode.swift; path = EmptyCard.swift; sourceTree = "<group>"; };
		14D5B88A2F6E4FAB0069C8EB /* DraggableForEach.swift */ = {isa = PBXFileReference; lastKnownFileType = sourcecode.swift; path = DraggableForEach.swift; sourceTree = "<group>"; };
		14D5B8902F6E51BB0069C8EB /* Toast.swift */ = {isa = PBXFileReference; lastKnownFileType = sourcecode.swift; path = Toast.swift; sourceTree = "<group>"; };
		14D5B8952F6E5A4A0069C8EB /* Button.swift */ = {isa = PBXFileReference; lastKnownFileType = sourcecode.swift; path = Button.swift; sourceTree = "<group>"; };
		14D5B8972F6E5AA50069C8EB /* LoadingSwap.swift */ = {isa = PBXFileReference; lastKnownFileType = sourcecode.swift; path = LoadingSwap.swift; sourceTree = "<group>"; };
		14D77BC62F707758009715FD /* DetailView.swift */ = {isa = PBXFileReference; lastKnownFileType = sourcecode.swift; path = DetailView.swift; sourceTree = "<group>"; };
		14E402092F78F38D006DA9B0 /* TypewriterText.swift */ = {isa = PBXFileReference; lastKnownFileType = sourcecode.swift; path = TypewriterText.swift; sourceTree = "<group>"; };
		14EDC4192E1AD351009059A5 /* weights.db */ = {isa = PBXFileReference; lastKnownFileType = file; path = weights.db; sourceTree = "<group>"; };
		14EDC41E2E1AD50E009059A5 /* DatabaseManager.swift */ = {isa = PBXFileReference; lastKnownFileType = sourcecode.swift; path = DatabaseManager.swift; sourceTree = "<group>"; };
		14EF29212F79E81400C8AED0 /* MultiselectGrid.swift */ = {isa = PBXFileReference; lastKnownFileType = sourcecode.swift; path = MultiselectGrid.swift; sourceTree = "<group>"; };
		14F215B02F75950E002CE636 /* exercises.json */ = {isa = PBXFileReference; lastKnownFileType = text.json; path = exercises.json; sourceTree = "<group>"; };
		14F6C3312D0781D7000BFDDB /* RestTimer.swift */ = {isa = PBXFileReference; lastKnownFileType = sourcecode.swift; path = RestTimer.swift; sourceTree = "<group>"; };
		14F72E9D2F79CD4900B87D6E /* RadioSelect.swift */ = {isa = PBXFileReference; lastKnownFileType = sourcecode.swift; path = RadioSelect.swift; sourceTree = "<group>"; };
/* End PBXFileReference section */

/* Begin PBXFileSystemSynchronizedRootGroup section */
		140BECCD2F7B2EBD00D6ADEA /* Products */ = {isa = PBXFileSystemSynchronizedRootGroup; explicitFileTypes = {}; explicitFolders = (); path = Products; sourceTree = "<group>"; };
		14792ED72F75A341000E24D2 /* VinceraTests */ = {isa = PBXFileSystemSynchronizedRootGroup; explicitFileTypes = {}; explicitFolders = (); path = VinceraTests; sourceTree = "<group>"; };
		149903C42F6FBFCF0041C4AB /* V1 */ = {isa = PBXFileSystemSynchronizedRootGroup; explicitFileTypes = {}; explicitFolders = (); path = V1; sourceTree = "<group>"; };
		149903C52F6FBFFB0041C4AB /* Lib */ = {isa = PBXFileSystemSynchronizedRootGroup; explicitFileTypes = {}; explicitFolders = (); path = Lib; sourceTree = "<group>"; };
		14CB32EB2F74718F0066B0CC /* Exercise */ = {isa = PBXFileSystemSynchronizedRootGroup; explicitFileTypes = {}; explicitFolders = (); path = Exercise; sourceTree = "<group>"; };
		14D5B89B2F6F0BBE0069C8EB /* V2 */ = {isa = PBXFileSystemSynchronizedRootGroup; explicitFileTypes = {}; explicitFolders = (); path = V2; sourceTree = "<group>"; };
		14FEEDEC2F96A92A00ED1608 /* Core */ = {isa = PBXFileSystemSynchronizedRootGroup; explicitFileTypes = {}; explicitFolders = (); path = Core; sourceTree = "<group>"; };
/* End PBXFileSystemSynchronizedRootGroup section */

/* Begin PBXFrameworksBuildPhase section */
		1426E6B22CC702A500F1F043 /* Frameworks */ = {
			isa = PBXFrameworksBuildPhase;
			buildActionMask = 2147483647;
			files = (
				14EDC41D2E1AD501009059A5 /* Libsql in Frameworks */,
				140BECC22F7B06F800D6ADEA /* StoreKit.framework in Frameworks */,
			);
			runOnlyForDeploymentPostprocessing = 0;
		};
		14792ED32F75A341000E24D2 /* Frameworks */ = {
			isa = PBXFrameworksBuildPhase;
			buildActionMask = 2147483647;
			files = (
			);
			runOnlyForDeploymentPostprocessing = 0;
		};
/* End PBXFrameworksBuildPhase section */

/* Begin PBXGroup section */
		140BECC02F7B06F800D6ADEA /* Frameworks */ = {
			isa = PBXGroup;
			children = (
				140BECC12F7B06F800D6ADEA /* StoreKit.framework */,
			);
			name = Frameworks;
			sourceTree = "<group>";
		};
		1426E6AC2CC702A500F1F043 = {
			isa = PBXGroup;
			children = (
				14792ED72F75A341000E24D2 /* VinceraTests */,
				14290B102CCD6A97008AA83B /* Vincera */,
				140BECC02F7B06F800D6ADEA /* Frameworks */,
				1426E6B62CC702A500F1F043 /* Products */,
			);
			sourceTree = "<group>";
		};
		1426E6B62CC702A500F1F043 /* Products */ = {
			isa = PBXGroup;
			children = (
				1426E6B52CC702A500F1F043 /* Vincera.app */,
				14792ED62F75A341000E24D2 /* VinceraTests.xctest */,
			);
			name = Products;
			sourceTree = "<group>";
		};
		14290AE32CCD6A97008AA83B /* Components */ = {
			isa = PBXGroup;
			children = (
				14CB32EB2F74718F0066B0CC /* Exercise */,
				147C1B812CFAC4A6001A6634 /* Simple */,
				145686F72F7398A500B49B4F /* CalendarView.swift */,
				14402ACC2F9E6E72001772E7 /* RatingModal.swift */,
				1463B50E2CD9AE90006515C0 /* ActiveWorkout.swift */,
				14290ADE2CCD6A97008AA83B /* MultiSelectRow.swift */,
				14F6C3312D0781D7000BFDDB /* RestTimer.swift */,
				1412322C2E3D6004009A7CA7 /* SplitCell.swift */,
				1412322E2E3D6040009A7CA7 /* PremiumSplitCell.swift */,
				141232302E3D60E5009A7CA7 /* WorkoutRow.swift */,
			);
			path = Components;
			sourceTree = "<group>";
		};
		14290AF72CCD6A97008AA83B /* Managers */ = {
			isa = PBXGroup;
			children = (
				14290AF62CCD6A97008AA83B /* StorageManager.swift */,
				14EDC41E2E1AD50E009059A5 /* DatabaseManager.swift */,
				1406B7DE2CCEE18C00CB8BE3 /* HealthManager.swift */,
			);
			path = Managers;
			sourceTree = "<group>";
		};
		14290AFF2CCD6A97008AA83B /* Models */ = {
			isa = PBXGroup;
			children = (
				149903C42F6FBFCF0041C4AB /* V1 */,
				14D5B89B2F6F0BBE0069C8EB /* V2 */,
				1478F73C2D270BC7005F0CD9 /* Timer.swift */,
				14290AFA2CCD6A97008AA83B /* ListExercise.swift */,
			);
			path = Models;
			sourceTree = "<group>";
		};
		14290B012CCD6A97008AA83B /* Preview Content */ = {
			isa = PBXGroup;
			children = (
				14290B002CCD6A97008AA83B /* Preview Assets.xcassets */,
			);
			path = "Preview Content";
			sourceTree = "<group>";
		};
		14290B0B2CCD6A97008AA83B /* Utils */ = {
			isa = PBXGroup;
			children = (
				14290AFC2CCD6A97008AA83B /* Protocols.swift */,
				1417AB382CCDC599001BD894 /* Constants.swift */,
				14290B082CCD6A97008AA83B /* Errors.swift */,
				14290B092CCD6A97008AA83B /* Extensions.swift */,
				14290B0A2CCD6A97008AA83B /* Modifiers.swift */,
			);
			path = Utils;
			sourceTree = "<group>";
		};
		14290B102CCD6A97008AA83B /* Vincera */ = {
			isa = PBXGroup;
			children = (
				14290B012CCD6A97008AA83B /* Preview Content */,
				140BECCD2F7B2EBD00D6ADEA /* Products */,
				149903C52F6FBFFB0041C4AB /* Lib */,
				14290B0B2CCD6A97008AA83B /* Utils */,
				14290AF72CCD6A97008AA83B /* Managers */,
				14290AFF2CCD6A97008AA83B /* Models */,
				14290AE32CCD6A97008AA83B /* Components */,
				14FEEDEC2F96A92A00ED1608 /* Core */,
				14290B0E2CCD6A97008AA83B /* VinceraApp.swift */,
				140310752F93F70400AD0A1D /* RootView.swift */,
				140399A92CD0726600D8CC4A /* Vincera.entitlements */,
				148B16622CD0499000043E58 /* Info.plist */,
				140BECC82F7B09A200D6ADEA /* VinceraStore.storekit */,
				14F215B02F75950E002CE636 /* exercises.json */,
				14EDC4192E1AD351009059A5 /* weights.db */,
				14290B0C2CCD6A97008AA83B /* Assets.xcassets */,
				14290B0F2CCD6A97008AA83B /* todo.txt */,
			);
			path = Vincera;
			sourceTree = "<group>";
		};
		147C1B812CFAC4A6001A6634 /* Simple */ = {
			isa = PBXGroup;
			children = (
				14917BC22F93397A0077D2F2 /* Icon.swift */,
				14EF29212F79E81400C8AED0 /* MultiselectGrid.swift */,
				14E402092F78F38D006DA9B0 /* TypewriterText.swift */,
				14F72E9D2F79CD4900B87D6E /* RadioSelect.swift */,
				14CB32F02F7479D20066B0CC /* EmptyCard.swift */,
				14D77BC62F707758009715FD /* DetailView.swift */,
				145686F52F73766700B49B4F /* SectionTitle.swift */,
				145686F12F73748800B49B4F /* Card.swift */,
				14D5B8952F6E5A4A0069C8EB /* Button.swift */,
				14D5B8902F6E51BB0069C8EB /* Toast.swift */,
				14D5B8972F6E5AA50069C8EB /* LoadingSwap.swift */,
				14D5B88A2F6E4FAB0069C8EB /* DraggableForEach.swift */,
				14BFF4A32CD1538200129D11 /* CustomSearchbar.swift */,
				14290ADF2CCD6A97008AA83B /* LabeledDivider.swift */,
				14290AE22CCD6A97008AA83B /* TimerView.swift */,
				14290AE12CCD6A97008AA83B /* NumberField.swift */,
				14290ADB2CCD6A97008AA83B /* CarouselView.swift */,
			);
			path = Simple;
			sourceTree = "<group>";
		};
/* End PBXGroup section */

/* Begin PBXNativeTarget section */
		1426E6B42CC702A500F1F043 /* Vincera */ = {
			isa = PBXNativeTarget;
			buildConfigurationList = 1426E6C32CC702A600F1F043 /* Build configuration list for PBXNativeTarget "Vincera" */;
			buildPhases = (
				1426E6B12CC702A500F1F043 /* Sources */,
				1426E6B22CC702A500F1F043 /* Frameworks */,
				1426E6B32CC702A500F1F043 /* Resources */,
				14D335C62D1663BB00DC2262 /* Embed Watch Content */,
			);
			buildRules = (
			);
			dependencies = (
			);
			fileSystemSynchronizedGroups = (
				140BECCD2F7B2EBD00D6ADEA /* Products */,
				149903C42F6FBFCF0041C4AB /* V1 */,
				149903C52F6FBFFB0041C4AB /* Lib */,
				14CB32EB2F74718F0066B0CC /* Exercise */,
				14D5B89B2F6F0BBE0069C8EB /* V2 */,
				14FEEDEC2F96A92A00ED1608 /* Core */,
			);
			name = Vincera;
			productName = LiftLogs;
			productReference = 1426E6B52CC702A500F1F043 /* Vincera.app */;
			productType = "com.apple.product-type.application";
		};
		14792ED52F75A341000E24D2 /* VinceraTests */ = {
			isa = PBXNativeTarget;
			buildConfigurationList = 14792EDC2F75A341000E24D2 /* Build configuration list for PBXNativeTarget "VinceraTests" */;
			buildPhases = (
				14792ED22F75A341000E24D2 /* Sources */,
				14792ED32F75A341000E24D2 /* Frameworks */,
				14792ED42F75A341000E24D2 /* Resources */,
			);
			buildRules = (
			);
			dependencies = (
				14792EDB2F75A341000E24D2 /* PBXTargetDependency */,
			);
			fileSystemSynchronizedGroups = (
				14792ED72F75A341000E24D2 /* VinceraTests */,
			);
			name = VinceraTests;
			packageProductDependencies = (
			);
			productName = VinceraTests;
			productReference = 14792ED62F75A341000E24D2 /* VinceraTests.xctest */;
			productType = "com.apple.product-type.bundle.unit-test";
		};
/* End PBXNativeTarget section */

/* Begin PBXProject section */
		1426E6AD2CC702A500F1F043 /* Project object */ = {
			isa = PBXProject;
			attributes = {
				BuildIndependentTargetsInParallel = 1;
				LastSwiftUpdateCheck = 2620;
				LastUpgradeCheck = 2620;
				TargetAttributes = {
					1426E6B42CC702A500F1F043 = {
						CreatedOnToolsVersion = 15.3;
						LastSwiftMigration = 1620;
					};
					14792ED52F75A341000E24D2 = {
						CreatedOnToolsVersion = 26.2;
						TestTargetID = 1426E6B42CC702A500F1F043;
					};
				};
			};
			buildConfigurationList = 1426E6B02CC702A500F1F043 /* Build configuration list for PBXProject "Vincera" */;
			compatibilityVersion = "Xcode 14.0";
			developmentRegion = en;
			hasScannedForEncodings = 0;
			knownRegions = (
				en,
				Base,
			);
			mainGroup = 1426E6AC2CC702A500F1F043;
			packageReferences = (
				14EDC41B2E1AD501009059A5 /* XCRemoteSwiftPackageReference "libsql-swift" */,
			);
			productRefGroup = 1426E6B62CC702A500F1F043 /* Products */;
			projectDirPath = "";
			projectRoot = "";
			targets = (
				1426E6B42CC702A500F1F043 /* Vincera */,
				14792ED52F75A341000E24D2 /* VinceraTests */,
			);
		};
/* End PBXProject section */

/* Begin PBXResourcesBuildPhase section */
		1426E6B32CC702A500F1F043 /* Resources */ = {
			isa = PBXResourcesBuildPhase;
			buildActionMask = 2147483647;
			files = (
				14290B3A2CCD6AEC008AA83B /* Preview Assets.xcassets in Resources */,
				14290B3B2CCD6AEC008AA83B /* Assets.xcassets in Resources */,
				14F215B12F759519002CE636 /* exercises.json in Resources */,
				140BECC92F7B09A200D6ADEA /* VinceraStore.storekit in Resources */,
				14EDC41A2E1AD351009059A5 /* weights.db in Resources */,
				14290B3D2CCD6AEC008AA83B /* todo.txt in Resources */,
			);
			runOnlyForDeploymentPostprocessing = 0;
		};
		14792ED42F75A341000E24D2 /* Resources */ = {
			isa = PBXResourcesBuildPhase;
			buildActionMask = 2147483647;
			files = (
			);
			runOnlyForDeploymentPostprocessing = 0;
		};
/* End PBXResourcesBuildPhase section */

/* Begin PBXSourcesBuildPhase section */
		1426E6B12CC702A500F1F043 /* Sources */ = {
			isa = PBXSourcesBuildPhase;
			buildActionMask = 2147483647;
			files = (
				14290B112CCD6AB3008AA83B /* CarouselView.swift in Sources */,
				14D5B8912F6E51BD0069C8EB /* Toast.swift in Sources */,
				1417AB392CCDC599001BD894 /* Constants.swift in Sources */,
				145686F62F73766B00B49B4F /* SectionTitle.swift in Sources */,
				14290B142CCD6AB3008AA83B /* MultiSelectRow.swift in Sources */,
				14290B152CCD6AB3008AA83B /* LabeledDivider.swift in Sources */,
				1412322F2E3D6044009A7CA7 /* PremiumSplitCell.swift in Sources */,
				14290B172CCD6AB3008AA83B /* NumberField.swift in Sources */,
				14F72E9E2F79CD4C00B87D6E /* RadioSelect.swift in Sources */,
				14F6C3322D0781DA000BFDDB /* RestTimer.swift in Sources */,
				140310762F93F70700AD0A1D /* RootView.swift in Sources */,
				14290B182CCD6AB3008AA83B /* TimerView.swift in Sources */,
				14EDC41F2E1AD511009059A5 /* DatabaseManager.swift in Sources */,
				14EF29222F79E81B00C8AED0 /* MultiselectGrid.swift in Sources */,
				1412322D2E3D6007009A7CA7 /* SplitCell.swift in Sources */,
				14D5B88B2F6E4FAF0069C8EB /* DraggableForEach.swift in Sources */,
				14E4020A2F78F391006DA9B0 /* TypewriterText.swift in Sources */,
				141232312E3D60E7009A7CA7 /* WorkoutRow.swift in Sources */,
				145686F22F73748900B49B4F /* Card.swift in Sources */,
				1478F73D2D270BCB005F0CD9 /* Timer.swift in Sources */,
				14290B252CCD6AB3008AA83B /* StorageManager.swift in Sources */,
				1406B7DF2CCEE18C00CB8BE3 /* HealthManager.swift in Sources */,
				14290B282CCD6AB3008AA83B /* ListExercise.swift in Sources */,
				145686F82F7398A900B49B4F /* CalendarView.swift in Sources */,
				14290B2A2CCD6AB3008AA83B /* Protocols.swift in Sources */,
				14BFF4A42CD1538200129D11 /* CustomSearchbar.swift in Sources */,
				1463B50F2CD9AEA2006515C0 /* ActiveWorkout.swift in Sources */,
				14CB32F12F7479D30066B0CC /* EmptyCard.swift in Sources */,
				14D77BC72F70775B009715FD /* DetailView.swift in Sources */,
				14917BC32F93397C0077D2F2 /* Icon.swift in Sources */,
				14290B332CCD6AB3008AA83B /* Errors.swift in Sources */,
				14290B342CCD6AB3008AA83B /* Extensions.swift in Sources */,
				14D5B8962F6E5A4F0069C8EB /* Button.swift in Sources */,
				14290B352CCD6AB3008AA83B /* Modifiers.swift in Sources */,
				14290B382CCD6AB3008AA83B /* VinceraApp.swift in Sources */,
				14402ACD2F9E6E77001772E7 /* RatingModal.swift in Sources */,
				14D5B8982F6E5AA70069C8EB /* LoadingSwap.swift in Sources */,
			);
			runOnlyForDeploymentPostprocessing = 0;
		};
		14792ED22F75A341000E24D2 /* Sources */ = {
			isa = PBXSourcesBuildPhase;
			buildActionMask = 2147483647;
			files = (
			);
			runOnlyForDeploymentPostprocessing = 0;
		};
/* End PBXSourcesBuildPhase section */

/* Begin PBXTargetDependency section */
		14792EDB2F75A341000E24D2 /* PBXTargetDependency */ = {
			isa = PBXTargetDependency;
			target = 1426E6B42CC702A500F1F043 /* Vincera */;
			targetProxy = 14792EDA2F75A341000E24D2 /* PBXContainerItemProxy */;
		};
/* End PBXTargetDependency section */

/* Begin XCBuildConfiguration section */
		1426E6C12CC702A600F1F043 /* Debug */ = {
			isa = XCBuildConfiguration;
			buildSettings = {
				ALWAYS_SEARCH_USER_PATHS = NO;
				ASSETCATALOG_COMPILER_GENERATE_SWIFT_ASSET_SYMBOL_EXTENSIONS = YES;
				CLANG_ANALYZER_NONNULL = YES;
				CLANG_ANALYZER_NUMBER_OBJECT_CONVERSION = YES_AGGRESSIVE;
				CLANG_CXX_LANGUAGE_STANDARD = "gnu++20";
				CLANG_ENABLE_MODULES = YES;
				CLANG_ENABLE_OBJC_ARC = YES;
				CLANG_ENABLE_OBJC_WEAK = YES;
				CLANG_WARN_BLOCK_CAPTURE_AUTORELEASING = YES;
				CLANG_WARN_BOOL_CONVERSION = YES;
				CLANG_WARN_COMMA = YES;
				CLANG_WARN_CONSTANT_CONVERSION = YES;
				CLANG_WARN_DEPRECATED_OBJC_IMPLEMENTATIONS = YES;
				CLANG_WARN_DIRECT_OBJC_ISA_USAGE = YES_ERROR;
				CLANG_WARN_DOCUMENTATION_COMMENTS = YES;
				CLANG_WARN_EMPTY_BODY = YES;
				CLANG_WARN_ENUM_CONVERSION = YES;
				CLANG_WARN_INFINITE_RECURSION = YES;
				CLANG_WARN_INT_CONVERSION = YES;
				CLANG_WARN_NON_LITERAL_NULL_CONVERSION = YES;
				CLANG_WARN_OBJC_IMPLICIT_RETAIN_SELF = YES;
				CLANG_WARN_OBJC_LITERAL_CONVERSION = YES;
				CLANG_WARN_OBJC_ROOT_CLASS = YES_ERROR;
				CLANG_WARN_QUOTED_INCLUDE_IN_FRAMEWORK_HEADER = YES;
				CLANG_WARN_RANGE_LOOP_ANALYSIS = YES;
				CLANG_WARN_STRICT_PROTOTYPES = YES;
				CLANG_WARN_SUSPICIOUS_MOVE = YES;
				CLANG_WARN_UNGUARDED_AVAILABILITY = YES_AGGRESSIVE;
				CLANG_WARN_UNREACHABLE_CODE = YES;
				CLANG_WARN__DUPLICATE_METHOD_MATCH = YES;
				COPY_PHASE_STRIP = NO;
				DEBUG_INFORMATION_FORMAT = dwarf;
				DEVELOPMENT_TEAM = T6D837MWJ7;
				ENABLE_STRICT_OBJC_MSGSEND = YES;
				ENABLE_TESTABILITY = YES;
				ENABLE_USER_SCRIPT_SANDBOXING = YES;
				GCC_C_LANGUAGE_STANDARD = gnu17;
				GCC_DYNAMIC_NO_PIC = NO;
				GCC_NO_COMMON_BLOCKS = YES;
				GCC_OPTIMIZATION_LEVEL = 0;
				GCC_PREPROCESSOR_DEFINITIONS = (
					"DEBUG=1",
					"$(inherited)",
				);
				GCC_WARN_64_TO_32_BIT_CONVERSION = YES;
				GCC_WARN_ABOUT_RETURN_TYPE = YES_ERROR;
				GCC_WARN_UNDECLARED_SELECTOR = YES;
				GCC_WARN_UNINITIALIZED_AUTOS = YES_AGGRESSIVE;
				GCC_WARN_UNUSED_FUNCTION = YES;
				GCC_WARN_UNUSED_VARIABLE = YES;
				IPHONEOS_DEPLOYMENT_TARGET = 17.4;
				LOCALIZATION_PREFERS_STRING_CATALOGS = YES;
				MTL_ENABLE_DEBUG_INFO = INCLUDE_SOURCE;
				MTL_FAST_MATH = YES;
				ONLY_ACTIVE_ARCH = YES;
				SDKROOT = iphoneos;
				STRING_CATALOG_GENERATE_SYMBOLS = YES;
				SWIFT_ACTIVE_COMPILATION_CONDITIONS = "DEBUG $(inherited)";
				SWIFT_OPTIMIZATION_LEVEL = "-Onone";
			};
			name = Debug;
		};
		1426E6C22CC702A600F1F043 /* Release */ = {
			isa = XCBuildConfiguration;
			buildSettings = {
				ALWAYS_SEARCH_USER_PATHS = NO;
				ASSETCATALOG_COMPILER_GENERATE_SWIFT_ASSET_SYMBOL_EXTENSIONS = YES;
				CLANG_ANALYZER_NONNULL = YES;
				CLANG_ANALYZER_NUMBER_OBJECT_CONVERSION = YES_AGGRESSIVE;
				CLANG_CXX_LANGUAGE_STANDARD = "gnu++20";
				CLANG_ENABLE_MODULES = YES;
				CLANG_ENABLE_OBJC_ARC = YES;
				CLANG_ENABLE_OBJC_WEAK = YES;
				CLANG_WARN_BLOCK_CAPTURE_AUTORELEASING = YES;
				CLANG_WARN_BOOL_CONVERSION = YES;
				CLANG_WARN_COMMA = YES;
				CLANG_WARN_CONSTANT_CONVERSION = YES;
				CLANG_WARN_DEPRECATED_OBJC_IMPLEMENTATIONS = YES;
				CLANG_WARN_DIRECT_OBJC_ISA_USAGE = YES_ERROR;
				CLANG_WARN_DOCUMENTATION_COMMENTS = YES;
				CLANG_WARN_EMPTY_BODY = YES;
				CLANG_WARN_ENUM_CONVERSION = YES;
				CLANG_WARN_INFINITE_RECURSION = YES;
				CLANG_WARN_INT_CONVERSION = YES;
				CLANG_WARN_NON_LITERAL_NULL_CONVERSION = YES;
				CLANG_WARN_OBJC_IMPLICIT_RETAIN_SELF = YES;
				CLANG_WARN_OBJC_LITERAL_CONVERSION = YES;
				CLANG_WARN_OBJC_ROOT_CLASS = YES_ERROR;
				CLANG_WARN_QUOTED_INCLUDE_IN_FRAMEWORK_HEADER = YES;
				CLANG_WARN_RANGE_LOOP_ANALYSIS = YES;
				CLANG_WARN_STRICT_PROTOTYPES = YES;
				CLANG_WARN_SUSPICIOUS_MOVE = YES;
				CLANG_WARN_UNGUARDED_AVAILABILITY = YES_AGGRESSIVE;
				CLANG_WARN_UNREACHABLE_CODE = YES;
				CLANG_WARN__DUPLICATE_METHOD_MATCH = YES;
				COPY_PHASE_STRIP = NO;
				DEBUG_INFORMATION_FORMAT = "dwarf-with-dsym";
				DEVELOPMENT_TEAM = T6D837MWJ7;
				ENABLE_NS_ASSERTIONS = NO;
				ENABLE_STRICT_OBJC_MSGSEND = YES;
				ENABLE_USER_SCRIPT_SANDBOXING = YES;
				GCC_C_LANGUAGE_STANDARD = gnu17;
				GCC_NO_COMMON_BLOCKS = YES;
				GCC_WARN_64_TO_32_BIT_CONVERSION = YES;
				GCC_WARN_ABOUT_RETURN_TYPE = YES_ERROR;
				GCC_WARN_UNDECLARED_SELECTOR = YES;
				GCC_WARN_UNINITIALIZED_AUTOS = YES_AGGRESSIVE;
				GCC_WARN_UNUSED_FUNCTION = YES;
				GCC_WARN_UNUSED_VARIABLE = YES;
				IPHONEOS_DEPLOYMENT_TARGET = 17.4;
				LOCALIZATION_PREFERS_STRING_CATALOGS = YES;
				MTL_ENABLE_DEBUG_INFO = NO;
				MTL_FAST_MATH = YES;
				SDKROOT = iphoneos;
				STRING_CATALOG_GENERATE_SYMBOLS = YES;
				SWIFT_COMPILATION_MODE = wholemodule;
				VALIDATE_PRODUCT = YES;
			};
			name = Release;
		};
		1426E6C42CC702A600F1F043 /* Debug */ = {
			isa = XCBuildConfiguration;
			buildSettings = {
				ASSETCATALOG_COMPILER_APPICON_NAME = AppIcon;
				ASSETCATALOG_COMPILER_GLOBAL_ACCENT_COLOR_NAME = AccentColor;
				CLANG_ENABLE_MODULES = YES;
				CODE_SIGN_ENTITLEMENTS = Vincera/Vincera.entitlements;
				CODE_SIGN_STYLE = Automatic;
				CURRENT_PROJECT_VERSION = 1;
				DEVELOPMENT_ASSET_PATHS = "\"Vincera/Preview Content\"";
				ENABLE_PREVIEWS = YES;
				GENERATE_INFOPLIST_FILE = YES;
				INFOPLIST_FILE = Vincera/Info.plist;
				INFOPLIST_KEY_CFBundleDisplayName = Vincera;
				INFOPLIST_KEY_ITSAppUsesNonExemptEncryption = NO;
				INFOPLIST_KEY_LSApplicationCategoryType = "public.app-category.healthcare-fitness";
				INFOPLIST_KEY_LSSupportsOpeningDocumentsInPlace = YES;
				INFOPLIST_KEY_NSHealthClinicalHealthRecordsShareUsageDescription = "Enable access to HealthKit to log workouts";
				INFOPLIST_KEY_NSHealthShareUsageDescription = "Enable access to HealthKit to log workouts";
				INFOPLIST_KEY_NSHealthUpdateUsageDescription = "Enable access to HealthKit to log workouts";
				INFOPLIST_KEY_NSLocalNetworkUsageDescription = "This app needs to send notifications when your rest timer ends.";
				INFOPLIST_KEY_UIApplicationSceneManifest_Generation = YES;
				INFOPLIST_KEY_UIApplicationSupportsIndirectInputEvents = YES;
				INFOPLIST_KEY_UILaunchScreen_Generation = YES;
				INFOPLIST_KEY_UISupportedInterfaceOrientations = UIInterfaceOrientationPortrait;
				IPHONEOS_DEPLOYMENT_TARGET = 26.0;
				LD_RUNPATH_SEARCH_PATHS = (
					"$(inherited)",
					"@executable_path/Frameworks",
				);
				MARKETING_VERSION = 2.1.1;
				PRODUCT_BUNDLE_IDENTIFIER = com.mattlinder.vincera;
				PRODUCT_NAME = "$(TARGET_NAME)";
				SUPPORTED_PLATFORMS = "iphoneos iphonesimulator";
				SUPPORTS_MACCATALYST = NO;
				SUPPORTS_MAC_DESIGNED_FOR_IPHONE_IPAD = NO;
				SUPPORTS_XR_DESIGNED_FOR_IPHONE_IPAD = NO;
				SWIFT_EMIT_LOC_STRINGS = YES;
				SWIFT_OPTIMIZATION_LEVEL = "-Onone";
				SWIFT_VERSION = 5.0;
				TARGETED_DEVICE_FAMILY = 1;
			};
			name = Debug;
		};
		1426E6C52CC702A600F1F043 /* Release */ = {
			isa = XCBuildConfiguration;
			buildSettings = {
				ASSETCATALOG_COMPILER_APPICON_NAME = AppIcon;
				ASSETCATALOG_COMPILER_GLOBAL_ACCENT_COLOR_NAME = AccentColor;
				CLANG_ENABLE_MODULES = YES;
				CODE_SIGN_ENTITLEMENTS = Vincera/Vincera.entitlements;
				CODE_SIGN_STYLE = Automatic;
				CURRENT_PROJECT_VERSION = 1;
				DEVELOPMENT_ASSET_PATHS = "\"Vincera/Preview Content\"";
				ENABLE_PREVIEWS = YES;
				GENERATE_INFOPLIST_FILE = YES;
				INFOPLIST_FILE = Vincera/Info.plist;
				INFOPLIST_KEY_CFBundleDisplayName = Vincera;
				INFOPLIST_KEY_ITSAppUsesNonExemptEncryption = NO;
				INFOPLIST_KEY_LSApplicationCategoryType = "public.app-category.healthcare-fitness";
				INFOPLIST_KEY_LSSupportsOpeningDocumentsInPlace = YES;
				INFOPLIST_KEY_NSHealthClinicalHealthRecordsShareUsageDescription = "Enable access to HealthKit to log workouts";
				INFOPLIST_KEY_NSHealthShareUsageDescription = "Enable access to HealthKit to log workouts";
				INFOPLIST_KEY_NSHealthUpdateUsageDescription = "Enable access to HealthKit to log workouts";
				INFOPLIST_KEY_NSLocalNetworkUsageDescription = "This app needs to send notifications when your rest timer ends.";
				INFOPLIST_KEY_UIApplicationSceneManifest_Generation = YES;
				INFOPLIST_KEY_UIApplicationSupportsIndirectInputEvents = YES;
				INFOPLIST_KEY_UILaunchScreen_Generation = YES;
				INFOPLIST_KEY_UISupportedInterfaceOrientations = UIInterfaceOrientationPortrait;
				IPHONEOS_DEPLOYMENT_TARGET = 26.0;
				LD_RUNPATH_SEARCH_PATHS = (
					"$(inherited)",
					"@executable_path/Frameworks",
				);
				MARKETING_VERSION = 2.1.1;
				PRODUCT_BUNDLE_IDENTIFIER = com.mattlinder.vincera;
				PRODUCT_NAME = "$(TARGET_NAME)";
				SUPPORTED_PLATFORMS = "iphoneos iphonesimulator";
				SUPPORTS_MACCATALYST = NO;
				SUPPORTS_MAC_DESIGNED_FOR_IPHONE_IPAD = NO;
				SUPPORTS_XR_DESIGNED_FOR_IPHONE_IPAD = NO;
				SWIFT_EMIT_LOC_STRINGS = YES;
				SWIFT_VERSION = 5.0;
				TARGETED_DEVICE_FAMILY = 1;
			};
			name = Release;
		};
		14792EDD2F75A341000E24D2 /* Debug */ = {
			isa = XCBuildConfiguration;
			buildSettings = {
				BUNDLE_LOADER = "$(TEST_HOST)";
				CODE_SIGN_STYLE = Automatic;
				CURRENT_PROJECT_VERSION = 1;
				DEVELOPMENT_TEAM = T6D837MWJ7;
				GENERATE_INFOPLIST_FILE = YES;
				IPHONEOS_DEPLOYMENT_TARGET = 26.0;
				MARKETING_VERSION = 1.0;
				PRODUCT_BUNDLE_IDENTIFIER = mattlinder.VinceraTests;
				PRODUCT_NAME = "$(TARGET_NAME)";
				STRING_CATALOG_GENERATE_SYMBOLS = NO;
				SWIFT_APPROACHABLE_CONCURRENCY = YES;
				SWIFT_EMIT_LOC_STRINGS = NO;
				SWIFT_UPCOMING_FEATURE_MEMBER_IMPORT_VISIBILITY = YES;
				SWIFT_VERSION = 5.0;
				TARGETED_DEVICE_FAMILY = "1,2";
				TEST_HOST = "$(BUILT_PRODUCTS_DIR)/Vincera.app/$(BUNDLE_EXECUTABLE_FOLDER_PATH)/Vincera";
			};
			name = Debug;
		};
		14792EDE2F75A341000E24D2 /* Release */ = {
			isa = XCBuildConfiguration;
			buildSettings = {
				BUNDLE_LOADER = "$(TEST_HOST)";
				CODE_SIGN_STYLE = Automatic;
				CURRENT_PROJECT_VERSION = 1;
				DEVELOPMENT_TEAM = T6D837MWJ7;
				GENERATE_INFOPLIST_FILE = YES;
				IPHONEOS_DEPLOYMENT_TARGET = 26.0;
				MARKETING_VERSION = 1.0;
				PRODUCT_BUNDLE_IDENTIFIER = mattlinder.VinceraTests;
				PRODUCT_NAME = "$(TARGET_NAME)";
				STRING_CATALOG_GENERATE_SYMBOLS = NO;
				SWIFT_APPROACHABLE_CONCURRENCY = YES;
				SWIFT_EMIT_LOC_STRINGS = NO;
				SWIFT_UPCOMING_FEATURE_MEMBER_IMPORT_VISIBILITY = YES;
				SWIFT_VERSION = 5.0;
				TARGETED_DEVICE_FAMILY = "1,2";
				TEST_HOST = "$(BUILT_PRODUCTS_DIR)/Vincera.app/$(BUNDLE_EXECUTABLE_FOLDER_PATH)/Vincera";
			};
			name = Release;
		};
/* End XCBuildConfiguration section */

/* Begin XCConfigurationList section */
		1426E6B02CC702A500F1F043 /* Build configuration list for PBXProject "Vincera" */ = {
			isa = XCConfigurationList;
			buildConfigurations = (
				1426E6C12CC702A600F1F043 /* Debug */,
				1426E6C22CC702A600F1F043 /* Release */,
			);
			defaultConfigurationIsVisible = 0;
			defaultConfigurationName = Release;
		};
		1426E6C32CC702A600F1F043 /* Build configuration list for PBXNativeTarget "Vincera" */ = {
			isa = XCConfigurationList;
			buildConfigurations = (
				1426E6C42CC702A600F1F043 /* Debug */,
				1426E6C52CC702A600F1F043 /* Release */,
			);
			defaultConfigurationIsVisible = 0;
			defaultConfigurationName = Release;
		};
		14792EDC2F75A341000E24D2 /* Build configuration list for PBXNativeTarget "VinceraTests" */ = {
			isa = XCConfigurationList;
			buildConfigurations = (
				14792EDD2F75A341000E24D2 /* Debug */,
				14792EDE2F75A341000E24D2 /* Release */,
			);
			defaultConfigurationIsVisible = 0;
			defaultConfigurationName = Release;
		};
/* End XCConfigurationList section */

/* Begin XCRemoteSwiftPackageReference section */
		14EDC41B2E1AD501009059A5 /* XCRemoteSwiftPackageReference "libsql-swift" */ = {
			isa = XCRemoteSwiftPackageReference;
			repositoryURL = "https://github.com/tursodatabase/libsql-swift";
			requirement = {
				kind = upToNextMajorVersion;
				minimumVersion = 3.1.0;
			};
		};
/* End XCRemoteSwiftPackageReference section */

/* Begin XCSwiftPackageProductDependency section */
		14EDC41C2E1AD501009059A5 /* Libsql */ = {
			isa = XCSwiftPackageProductDependency;
			package = 14EDC41B2E1AD501009059A5 /* XCRemoteSwiftPackageReference "libsql-swift" */;
			productName = Libsql;
		};
/* End XCSwiftPackageProductDependency section */
	};
	rootObject = 1426E6AD2CC702A500F1F043 /* Project object */;
}
